
Microsoft Visual Studio Solution File, Format Version 12.00
# Visual Studio Version 17
VisualStudioVersion = 17.13.35919.96
MinimumVisualStudioVersion = 10.0.40219.1
Project("{FAE04EC0-301F-11D3-BF4B-00C04F79EFBC}") = "Bai009", "Bai009\Bai009.csproj", "{412A6D6E-9D64-4DAE-88DA-5FFE70FCEB01}"
EndProject
Project("{FAE04EC0-301F-11D3-BF4B-00C04F79EFBC}") = "Bai010", "Bai010\Bai010.csproj", "{21AEFB46-EE74-4B4D-B867-1AFA5FFB280D}"
EndProject
Project("{FAE04EC0-301F-11D3-BF4B-00C04F79EFBC}") = "Bai011", "Bai011\Bai011.csproj", "{3CDD5071-9161-41F8-B63B-8958EA4D507D}"
EndProject
Project("{FAE04EC0-301F-11D3-BF4B-00C04F79EFBC}") = "Bai059", "Bai059\Bai059.csproj", "{21068E25-FCB7-4112-B419-21CFFB172BF3}"
EndProject
Project("{FAE04EC0-301F-11D3-BF4B-00C04F79EFBC}") = "Bai073", "Bai073\Bai073.csproj", "{18048E99-0462-4273-AE27-4054B463DEAA}"
EndProject
Project("{FAE04EC0-301F-11D3-BF4B-00C04F79EFBC}") = "Bai083", "Bai083\Bai083.csproj", "{7325A446-EF70-438F-AE00-8E42A1C1A0B9}"
EndProject
Project("{FAE04EC0-301F-11D3-BF4B-00C04F79EFBC}") = "Bai089", "Bai089\Bai089.csproj", "{C0E8E931-F679-46D3-AB5D-47D7B078597E}"
EndProject
Project("{FAE04EC0-301F-11D3-BF4B-00C04F79EFBC}") = "Bai114", "Bai114\Bai114.csproj", "{6CEA2C66-DF0B-4DA7-9C90-DB1E33B387C9}"
EndProject
Global
	GlobalSection(SolutionConfigurationPlatforms) = preSolution
		Debug|Any CPU = Debug|Any CPU
		Release|Any CPU = Release|Any CPU
	EndGlobalSection
	GlobalSection(ProjectConfigurationPlatforms) = postSolution
		{412A6D6E-9D64-4DAE-88DA-5FFE70FCEB01}.Debug|Any CPU.ActiveCfg = Debug|Any CPU
		{412A6D6E-9D64-4DAE-88DA-5FFE70FCEB01}.Debug|Any CPU.Build.0 = Debug|Any CPU
		{412A6D6E-9D64-4DAE-88DA-5FFE70FCEB01}.Release|Any CPU.ActiveCfg = Release|Any CPU
		{412A6D6E-9D64-4DAE-88DA-5FFE70FCEB01}.Release|Any CPU.Build.0 = Release|Any CPU
		{21AEFB46-EE74-4B4D-B867-1AFA5FFB280D}.Debug|Any CPU.ActiveCfg = Debug|Any CPU
		{21AEFB46-EE74-4B4D-B867-1AFA5FFB280D}.Debug|Any CPU.Build.0 = Debug|Any CPU
		{21AEFB46-EE74-4B4D-B867-1AFA5FFB280D}.Release|Any CPU.ActiveCfg = Release|Any CPU
		{21AEFB46-EE74-4B4D-B867-1AFA5FFB280D}.Release|Any CPU.Build.0 = Release|Any CPU
		{3CDD5071-9161-41F8-B63B-8958EA4D507D}.Debug|Any CPU.ActiveCfg = Debug|Any CPU
		{3CDD5071-9161-41F8-B63B-8958EA4D507D}.Debug|Any CPU.Build.0 = Debug|Any CPU
		{3CDD5071-9161-41F8-B63B-8958EA4D507D}.Release|Any CPU.ActiveCfg = Release|Any CPU
		{3CDD5071-9161-41F8-B63B-8958EA4D507D}.Release|Any CPU.Build.0 = Release|Any CPU
		{21068E25-FCB7-4112-B419-21CFFB172BF3}.Debug|Any CPU.ActiveCfg = Debug|Any CPU
		{21068E25-FCB7-4112-B419-21CFFB172BF3}.Debug|Any CPU.Build.0 = Debug|Any CPU
		{21068E25-FCB7-4112-B419-21CFFB172BF3}.Release|Any CPU.ActiveCfg = Release|Any CPU
		{21068E25-FCB7-4112-B419-21CFFB172BF3}.Release|Any CPU.Build.0 = Release|Any CPU
		{18048E99-0462-4273-AE27-4054B463DEAA}.Debug|Any CPU.ActiveCfg = Debug|Any CPU
		{18048E99-0462-4273-AE27-4054B463DEAA}.Debug|Any CPU.Build.0 = Debug|Any CPU
		{18048E99-0462-4273-AE27-4054B463DEAA}.Release|Any CPU.ActiveCfg = Release|Any CPU
		{18048E99-0462-4273-AE27-4054B463DEAA}.Release|Any CPU.Build.0 = Release|Any CPU
		{7325A446-EF70-438F-AE00-8E42A1C1A0B9}.Debug|Any CPU.ActiveCfg = Debug|Any CPU
		{7325A446-EF70-438F-AE00-8E42A1C1A0B9}.Debug|Any CPU.Build.0 = Debug|Any CPU
		{7325A446-EF70-438F-AE00-8E42A1C1A0B9}.Release|Any CPU.ActiveCfg = Release|Any CPU
		{7325A446-EF70-438F-AE00-8E42A1C1A0B9}.Release|Any CPU.Build.0 = Release|Any CPU
		{C0E8E931-F679-46D3-AB5D-47D7B078597E}.Debug|Any CPU.ActiveCfg = Debug|Any CPU
		{C0E8E931-F679-46D3-AB5D-47D7B078597E}.Debug|Any CPU.Build.0 = Debug|Any CPU
		{C0E8E931-F679-46D3-AB5D-47D7B078597E}.Release|Any CPU.ActiveCfg = Release|Any CPU
		{C0E8E931-F679-46D3-AB5D-47D7B078597E}.Release|Any CPU.Build.0 = Release|Any CPU
		{6CEA2C66-DF0B-4DA7-9C90-DB1E33B387C9}.Debug|Any CPU.ActiveCfg = Debug|Any CPU
		{6CEA2C66-DF0B-4DA7-9C90-DB1E33B387C9}.Debug|Any CPU.Build.0 = Debug|Any CPU
		{6CEA2C66-DF0B-4DA7-9C90-DB1E33B387C9}.Release|Any CPU.ActiveCfg = Release|Any CPU
		{6CEA2C66-DF0B-4DA7-9C90-DB1E33B387C9}.Release|Any CPU.Build.0 = Release|Any CPU
	EndGlobalSection
	GlobalSection(SolutionProperties) = preSolution
		HideSolutionNode = FALSE
	EndGlobalSection
	GlobalSection(ExtensibilityGlobals) = postSolution
		SolutionGuid = {B6D4C66A-A50F-4BC1-A676-CC3B3118A5CA}
	EndGlobalSection
EndGlobal
