
Microsoft Visual Studio Solution File, Format Version 12.00
# Visual Studio Version 17
VisualStudioVersion = 17.13.35919.96 d17.13
MinimumVisualStudioVersion = 10.0.40219.1
Project("{FAE04EC0-301F-11D3-BF4B-00C04F79EFBC}") = "Bai03.XuatThoiGianHienTai", "Bai03.XuatThoiGianHienTai\Bai03.XuatThoiGianHienTai.csproj", "{051F8E30-DDD6-4E8D-BF38-DEBB82203721}"
EndProject
Global
	GlobalSection(SolutionConfigurationPlatforms) = preSolution
		Debug|Any CPU = Debug|Any CPU
		Release|Any CPU = Release|Any CPU
	EndGlobalSection
	GlobalSection(ProjectConfigurationPlatforms) = postSolution
		{051F8E30-DDD6-4E8D-BF38-DEBB82203721}.Debug|Any CPU.ActiveCfg = Debug|Any CPU
		{051F8E30-DDD6-4E8D-BF38-DEBB82203721}.Debug|Any CPU.Build.0 = Debug|Any CPU
		{051F8E30-DDD6-4E8D-BF38-DEBB82203721}.Release|Any CPU.ActiveCfg = Release|Any CPU
		{051F8E30-DDD6-4E8D-BF38-DEBB82203721}.Release|Any CPU.Build.0 = Release|Any CPU
	EndGlobalSection
	GlobalSection(SolutionProperties) = preSolution
		HideSolutionNode = FALSE
	EndGlobalSection
	GlobalSection(ExtensibilityGlobals) = postSolution
		SolutionGuid = {8C90FCBB-2550-4AC5-99BD-44C402A2240D}
	EndGlobalSection
EndGlobal
